
Microsoft Visual Studio Solution File, Format Version 12.00
# Visual Studio Version 16
VisualStudioVersion = 16.0.30114.105
MinimumVisualStudioVersion = 10.0.40219.1
Project("{FAE04EC0-301F-11D3-BF4B-00C04F79EFBC}") = "DelegatesExercise", "DelegatesExercise\DelegatesExercise.csproj", "{D8B21BFD-2C94-45DD-BBAA-3DFD08690034}"
EndProject
Project("{FAE04EC0-301F-11D3-BF4B-00C04F79EFBC}") = "EventsExercise", "EventsExercise\EventsExercise.csproj", "{F62F9456-554E-4AD2-B649-EF1990148234}"
EndProject
Global
	GlobalSection(SolutionConfigurationPlatforms) = preSolution
		Debug|Any CPU = Debug|Any CPU
		Release|Any CPU = Release|Any CPU
	EndGlobalSection
	GlobalSection(ProjectConfigurationPlatforms) = postSolution
		{D8B21BFD-2C94-45DD-BBAA-3DFD08690034}.Debug|Any CPU.ActiveCfg = Debug|Any CPU
		{D8B21BFD-2C94-45DD-BBAA-3DFD08690034}.Debug|Any CPU.Build.0 = Debug|Any CPU
		{D8B21BFD-2C94-45DD-BBAA-3DFD08690034}.Release|Any CPU.ActiveCfg = Release|Any CPU
		{D8B21BFD-2C94-45DD-BBAA-3DFD08690034}.Release|Any CPU.Build.0 = Release|Any CPU
		{F62F9456-554E-4AD2-B649-EF1990148234}.Debug|Any CPU.ActiveCfg = Debug|Any CPU
		{F62F9456-554E-4AD2-B649-EF1990148234}.Debug|Any CPU.Build.0 = Debug|Any CPU
		{F62F9456-554E-4AD2-B649-EF1990148234}.Release|Any CPU.ActiveCfg = Release|Any CPU
		{F62F9456-554E-4AD2-B649-EF1990148234}.Release|Any CPU.Build.0 = Release|Any CPU
	EndGlobalSection
	GlobalSection(SolutionProperties) = preSolution
		HideSolutionNode = FALSE
	EndGlobalSection
	GlobalSection(ExtensibilityGlobals) = postSolution
		SolutionGuid = {4214F146-8D54-4C5F-A55A-0767F80E12AF}
	EndGlobalSection
EndGlobal
